
Microsoft Visual Studio Solution File, Format Version 12.00
# Visual Studio Version 16
VisualStudioVersion = 16.0.30804.86
MinimumVisualStudioVersion = 10.0.40219.1
Project("{FAE04EC0-301F-11D3-BF4B-00C04F79EFBC}") = "RefApp", "RefApp\RefApp.csproj", "{AEBB1763-FEBC-49AA-96DC-42E53E294C93}"
EndProject
Global
	GlobalSection(SolutionConfigurationPlatforms) = preSolution
		Debug|ARM = Debug|ARM
		Debug|ARM64 = Debug|ARM64
		Debug|x64 = Debug|x64
		Debug|x86 = Debug|x86
		Release|ARM = Release|ARM
		Release|ARM64 = Release|ARM64
		Release|x64 = Release|x64
		Release|x86 = Release|x86
	EndGlobalSection
	GlobalSection(ProjectConfigurationPlatforms) = postSolution
		{AEBB1763-FEBC-49AA-96DC-42E53E294C93}.Debug|ARM.ActiveCfg = Debug|ARM
		{AEBB1763-FEBC-49AA-96DC-42E53E294C93}.Debug|ARM.Build.0 = Debug|ARM
		{AEBB1763-FEBC-49AA-96DC-42E53E294C93}.Debug|ARM.Deploy.0 = Debug|ARM
		{AEBB1763-FEBC-49AA-96DC-42E53E294C93}.Debug|ARM64.ActiveCfg = Debug|ARM64
		{AEBB1763-FEBC-49AA-96DC-42E53E294C93}.Debug|ARM64.Build.0 = Debug|ARM64
		{AEBB1763-FEBC-49AA-96DC-42E53E294C93}.Debug|ARM64.Deploy.0 = Debug|ARM64
		{AEBB1763-FEBC-49AA-96DC-42E53E294C93}.Debug|x64.ActiveCfg = Debug|x64
		{AEBB1763-FEBC-49AA-96DC-42E53E294C93}.Debug|x64.Build.0 = Debug|x64
		{AEBB1763-FEBC-49AA-96DC-42E53E294C93}.Debug|x64.Deploy.0 = Debug|x64
		{AEBB1763-FEBC-49AA-96DC-42E53E294C93}.Debug|x86.ActiveCfg = Debug|x86
		{AEBB1763-FEBC-49AA-96DC-42E53E294C93}.Debug|x86.Build.0 = Debug|x86
		{AEBB1763-FEBC-49AA-96DC-42E53E294C93}.Debug|x86.Deploy.0 = Debug|x86
		{AEBB1763-FEBC-49AA-96DC-42E53E294C93}.Release|ARM.ActiveCfg = Release|ARM
		{AEBB1763-FEBC-49AA-96DC-42E53E294C93}.Release|ARM.Build.0 = Release|ARM
		{AEBB1763-FEBC-49AA-96DC-42E53E294C93}.Release|ARM.Deploy.0 = Release|ARM
		{AEBB1763-FEBC-49AA-96DC-42E53E294C93}.Release|ARM64.ActiveCfg = Release|ARM64
		{AEBB1763-FEBC-49AA-96DC-42E53E294C93}.Release|ARM64.Build.0 = Release|ARM64
		{AEBB1763-FEBC-49AA-96DC-42E53E294C93}.Release|ARM64.Deploy.0 = Release|ARM64
		{AEBB1763-FEBC-49AA-96DC-42E53E294C93}.Release|x64.ActiveCfg = Release|x64
		{AEBB1763-FEBC-49AA-96DC-42E53E294C93}.Release|x64.Build.0 = Release|x64
		{AEBB1763-FEBC-49AA-96DC-42E53E294C93}.Release|x64.Deploy.0 = Release|x64
		{AEBB1763-FEBC-49AA-96DC-42E53E294C93}.Release|x86.ActiveCfg = Release|x86
		{AEBB1763-FEBC-49AA-96DC-42E53E294C93}.Release|x86.Build.0 = Release|x86
		{AEBB1763-FEBC-49AA-96DC-42E53E294C93}.Release|x86.Deploy.0 = Release|x86
	EndGlobalSection
	GlobalSection(SolutionProperties) = preSolution
		HideSolutionNode = FALSE
	EndGlobalSection
	GlobalSection(ExtensibilityGlobals) = postSolution
		SolutionGuid = {6FDA15AA-29C5-4980-95EC-0D9F0A42DD1B}
	EndGlobalSection
EndGlobal
